
Microsoft Visual Studio Solution File, Format Version 12.00
# Visual Studio Version 17
VisualStudioVersion = 17.6.33829.357
MinimumVisualStudioVersion = 10.0.40219.1
Project("{FAE04EC0-301F-11D3-BF4B-00C04F79EFBC}") = "Task3-csharp", "Task3-csharp\Task3-csharp.csproj", "{78726ECC-6949-4306-A164-2D7C859487BB}"
EndProject
Global
	GlobalSection(SolutionConfigurationPlatforms) = preSolution
		Debug|Any CPU = Debug|Any CPU
		Release|Any CPU = Release|Any CPU
	EndGlobalSection
	GlobalSection(ProjectConfigurationPlatforms) = postSolution
		{78726ECC-6949-4306-A164-2D7C859487BB}.Debug|Any CPU.ActiveCfg = Debug|Any CPU
		{78726ECC-6949-4306-A164-2D7C859487BB}.Debug|Any CPU.Build.0 = Debug|Any CPU
		{78726ECC-6949-4306-A164-2D7C859487BB}.Release|Any CPU.ActiveCfg = Release|Any CPU
		{78726ECC-6949-4306-A164-2D7C859487BB}.Release|Any CPU.Build.0 = Release|Any CPU
	EndGlobalSection
	GlobalSection(SolutionProperties) = preSolution
		HideSolutionNode = FALSE
	EndGlobalSection
	GlobalSection(ExtensibilityGlobals) = postSolution
		SolutionGuid = {AB897AD9-62D9-4C80-8EB7-A89EFC5B8B2E}
	EndGlobalSection
EndGlobal
