
Microsoft Visual Studio Solution File, Format Version 12.00
# Visual Studio Version 17
VisualStudioVersion = 17.6.33829.357
MinimumVisualStudioVersion = 10.0.40219.1
Project("{FAE04EC0-301F-11D3-BF4B-00C04F79EFBC}") = "Task1-csharp", "Task1-csharp\Task1-csharp.csproj", "{7041942E-9823-4658-90F7-6B5889912CF0}"
EndProject
Global
	GlobalSection(SolutionConfigurationPlatforms) = preSolution
		Debug|Any CPU = Debug|Any CPU
		Release|Any CPU = Release|Any CPU
	EndGlobalSection
	GlobalSection(ProjectConfigurationPlatforms) = postSolution
		{7041942E-9823-4658-90F7-6B5889912CF0}.Debug|Any CPU.ActiveCfg = Debug|Any CPU
		{7041942E-9823-4658-90F7-6B5889912CF0}.Debug|Any CPU.Build.0 = Debug|Any CPU
		{7041942E-9823-4658-90F7-6B5889912CF0}.Release|Any CPU.ActiveCfg = Release|Any CPU
		{7041942E-9823-4658-90F7-6B5889912CF0}.Release|Any CPU.Build.0 = Release|Any CPU
	EndGlobalSection
	GlobalSection(SolutionProperties) = preSolution
		HideSolutionNode = FALSE
	EndGlobalSection
	GlobalSection(ExtensibilityGlobals) = postSolution
		SolutionGuid = {FB82F67A-8D89-431A-BCB6-961C58E34CA9}
	EndGlobalSection
EndGlobal
