
Microsoft Visual Studio Solution File, Format Version 12.00
# Visual Studio Version 17
VisualStudioVersion = 17.6.33829.357
MinimumVisualStudioVersion = 10.0.40219.1
Project("{FAE04EC0-301F-11D3-BF4B-00C04F79EFBC}") = "Task5-csharp", "Task5-csharp\Task5-csharp.csproj", "{1F5B40C1-7B0B-4D66-ADE8-260D753CFEBD}"
EndProject
Global
	GlobalSection(SolutionConfigurationPlatforms) = preSolution
		Debug|Any CPU = Debug|Any CPU
		Release|Any CPU = Release|Any CPU
	EndGlobalSection
	GlobalSection(ProjectConfigurationPlatforms) = postSolution
		{1F5B40C1-7B0B-4D66-ADE8-260D753CFEBD}.Debug|Any CPU.ActiveCfg = Debug|Any CPU
		{1F5B40C1-7B0B-4D66-ADE8-260D753CFEBD}.Debug|Any CPU.Build.0 = Debug|Any CPU
		{1F5B40C1-7B0B-4D66-ADE8-260D753CFEBD}.Release|Any CPU.ActiveCfg = Release|Any CPU
		{1F5B40C1-7B0B-4D66-ADE8-260D753CFEBD}.Release|Any CPU.Build.0 = Release|Any CPU
	EndGlobalSection
	GlobalSection(SolutionProperties) = preSolution
		HideSolutionNode = FALSE
	EndGlobalSection
	GlobalSection(ExtensibilityGlobals) = postSolution
		SolutionGuid = {1E380962-F2DA-4ABD-80EE-110AE441C11B}
	EndGlobalSection
EndGlobal
